
Microsoft Visual Studio Solution File, Format Version 12.00
# Visual Studio 15
VisualStudioVersion = 15.0.28307.539
MinimumVisualStudioVersion = 10.0.40219.1
Project("{FAE04EC0-301F-11D3-BF4B-00C04F79EFBC}") = "SalesProjectMVC", "SalesProjectMVC\SalesProjectMVC.csproj", "{FCC37778-9BC2-4B74-87D2-33AE764EA6A8}"
EndProject
Global
	GlobalSection(SolutionConfigurationPlatforms) = preSolution
		Debug|Any CPU = Debug|Any CPU
		Release|Any CPU = Release|Any CPU
	EndGlobalSection
	GlobalSection(ProjectConfigurationPlatforms) = postSolution
		{FCC37778-9BC2-4B74-87D2-33AE764EA6A8}.Debug|Any CPU.ActiveCfg = Debug|Any CPU
		{FCC37778-9BC2-4B74-87D2-33AE764EA6A8}.Debug|Any CPU.Build.0 = Debug|Any CPU
		{FCC37778-9BC2-4B74-87D2-33AE764EA6A8}.Release|Any CPU.ActiveCfg = Release|Any CPU
		{FCC37778-9BC2-4B74-87D2-33AE764EA6A8}.Release|Any CPU.Build.0 = Release|Any CPU
	EndGlobalSection
	GlobalSection(SolutionProperties) = preSolution
		HideSolutionNode = FALSE
	EndGlobalSection
	GlobalSection(ExtensibilityGlobals) = postSolution
		SolutionGuid = {5060BB44-726E-4D71-9FC0-05EEC7868169}
	EndGlobalSection
EndGlobal
